
Microsoft Visual Studio Solution File, Format Version 12.00
# Visual Studio Version 16
VisualStudioVersion = 16.0.31019.35
MinimumVisualStudioVersion = 10.0.40219.1
Project("{FAE04EC0-301F-11D3-BF4B-00C04F79EFBC}") = "EX05.ReverseTicTacToe.Logic", "..\EX05.ReverseTicTacToe.Logic\EX05.ReverseTicTacToe.Logic.csproj", "{855CBE3A-441F-4394-97A3-0F2A9193B0C0}"
EndProject
Project("{FAE04EC0-301F-11D3-BF4B-00C04F79EFBC}") = "EX05.ReverseTicTacToe.UI", "..\EX05.ReverseTicTacToe.UI\EX05.ReverseTicTacToe.UI.csproj", "{2BDD288C-35BC-4405-9BB9-A58701899128}"
EndProject
Global
	GlobalSection(SolutionConfigurationPlatforms) = preSolution
		Debug|Any CPU = Debug|Any CPU
		Release|Any CPU = Release|Any CPU
	EndGlobalSection
	GlobalSection(ProjectConfigurationPlatforms) = postSolution
		{855CBE3A-441F-4394-97A3-0F2A9193B0C0}.Debug|Any CPU.ActiveCfg = Debug|Any CPU
		{855CBE3A-441F-4394-97A3-0F2A9193B0C0}.Debug|Any CPU.Build.0 = Debug|Any CPU
		{855CBE3A-441F-4394-97A3-0F2A9193B0C0}.Release|Any CPU.ActiveCfg = Release|Any CPU
		{855CBE3A-441F-4394-97A3-0F2A9193B0C0}.Release|Any CPU.Build.0 = Release|Any CPU
		{2BDD288C-35BC-4405-9BB9-A58701899128}.Debug|Any CPU.ActiveCfg = Debug|Any CPU
		{2BDD288C-35BC-4405-9BB9-A58701899128}.Debug|Any CPU.Build.0 = Debug|Any CPU
		{2BDD288C-35BC-4405-9BB9-A58701899128}.Release|Any CPU.ActiveCfg = Release|Any CPU
		{2BDD288C-35BC-4405-9BB9-A58701899128}.Release|Any CPU.Build.0 = Release|Any CPU
	EndGlobalSection
	GlobalSection(SolutionProperties) = preSolution
		HideSolutionNode = FALSE
	EndGlobalSection
	GlobalSection(ExtensibilityGlobals) = postSolution
		SolutionGuid = {A73A6DEC-BCBA-44FF-A196-FB0965F80035}
	EndGlobalSection
EndGlobal
